
Microsoft Visual Studio Solution File, Format Version 12.00
# Visual Studio Version 17
VisualStudioVersion = 17.11.35222.181
MinimumVisualStudioVersion = 10.0.40219.1
Project("{9A19103F-16F7-4668-BE54-9A1E7A4F7556}") = "Records", "Records\Records.csproj", "{EB6BE18C-0220-46B0-A443-DEC7CF5E3EFB}"
EndProject
Project("{FAE04EC0-301F-11D3-BF4B-00C04F79EFBC}") = "Miras", "Miras\Miras.csproj", "{0A90B1E9-20D6-465C-BFF4-9862A5A6039B}"
EndProject
Global
	GlobalSection(SolutionConfigurationPlatforms) = preSolution
		Debug|Any CPU = Debug|Any CPU
		Release|Any CPU = Release|Any CPU
	EndGlobalSection
	GlobalSection(ProjectConfigurationPlatforms) = postSolution
		{EB6BE18C-0220-46B0-A443-DEC7CF5E3EFB}.Debug|Any CPU.ActiveCfg = Debug|Any CPU
		{EB6BE18C-0220-46B0-A443-DEC7CF5E3EFB}.Debug|Any CPU.Build.0 = Debug|Any CPU
		{EB6BE18C-0220-46B0-A443-DEC7CF5E3EFB}.Release|Any CPU.ActiveCfg = Release|Any CPU
		{EB6BE18C-0220-46B0-A443-DEC7CF5E3EFB}.Release|Any CPU.Build.0 = Release|Any CPU
		{0A90B1E9-20D6-465C-BFF4-9862A5A6039B}.Debug|Any CPU.ActiveCfg = Debug|Any CPU
		{0A90B1E9-20D6-465C-BFF4-9862A5A6039B}.Debug|Any CPU.Build.0 = Debug|Any CPU
		{0A90B1E9-20D6-465C-BFF4-9862A5A6039B}.Release|Any CPU.ActiveCfg = Release|Any CPU
		{0A90B1E9-20D6-465C-BFF4-9862A5A6039B}.Release|Any CPU.Build.0 = Release|Any CPU
	EndGlobalSection
	GlobalSection(SolutionProperties) = preSolution
		HideSolutionNode = FALSE
	EndGlobalSection
	GlobalSection(ExtensibilityGlobals) = postSolution
		SolutionGuid = {FF76CA8A-F198-42A5-ADB4-458334694E84}
	EndGlobalSection
EndGlobal
