
Microsoft Visual Studio Solution File, Format Version 12.00
# Visual Studio Version 17
VisualStudioVersion = 17.11.35222.181
MinimumVisualStudioVersion = 10.0.40219.1
Project("{9A19103F-16F7-4668-BE54-9A1E7A4F7556}") = "LibraryManagement.ConsoleUI", "LibraryManagement.ConsoleUI\LibraryManagement.ConsoleUI.csproj", "{F01A1AB2-CE1A-4BC5-A08B-4B664377A00C}"
EndProject
Global
	GlobalSection(SolutionConfigurationPlatforms) = preSolution
		Debug|Any CPU = Debug|Any CPU
		Release|Any CPU = Release|Any CPU
	EndGlobalSection
	GlobalSection(ProjectConfigurationPlatforms) = postSolution
		{F01A1AB2-CE1A-4BC5-A08B-4B664377A00C}.Debug|Any CPU.ActiveCfg = Debug|Any CPU
		{F01A1AB2-CE1A-4BC5-A08B-4B664377A00C}.Debug|Any CPU.Build.0 = Debug|Any CPU
		{F01A1AB2-CE1A-4BC5-A08B-4B664377A00C}.Release|Any CPU.ActiveCfg = Release|Any CPU
		{F01A1AB2-CE1A-4BC5-A08B-4B664377A00C}.Release|Any CPU.Build.0 = Release|Any CPU
	EndGlobalSection
	GlobalSection(SolutionProperties) = preSolution
		HideSolutionNode = FALSE
	EndGlobalSection
	GlobalSection(ExtensibilityGlobals) = postSolution
		SolutionGuid = {9A65FBEE-49DC-4CEC-9B22-36B41D20C27F}
	EndGlobalSection
EndGlobal
